{
  "name": "new-project",
  "lockfileVersion": 3,
  "requires": true,
  "packages": {
    "": {
      "dependencies": {
        "jotai": "^2.7.2"
      }
    },
    "node_modules/jotai": {
      "version": "2.7.2",
      "resolved": "https://registry.npmjs.org/jotai/-/jotai-2.7.2.tgz",
      "integrity": "sha512-6Ft5kpNu8p93Ssf1Faoza3hYQZRIYp7rioK8MwTTFnbQKwUyZElwquPwl1h6U0uo9hC0jr+ghO3gcSjc6P35/Q==",
      "engines": {
        "node": ">=12.20.0"
      },
      "peerDependencies": {
        "@types/react": ">=17.0.0",
        "react": ">=17.0.0"
      },
      "peerDependenciesMeta": {
        "@types/react": {
          "optional": true
        },
        "react": {
          "optional": true
        }
      }
    }
  }
}
